
Microsoft Visual Studio Solution File, Format Version 12.00
# Visual Studio 2012
Project("{FAE04EC0-301F-11D3-BF4B-00C04F79EFBC}") = "Bokrondellen.Console", "Bokrondellen.Console\Bokrondellen.Console.csproj", "{15CADE44-3B56-4E92-B08E-BB90CB88AB61}"
EndProject
Project("{FAE04EC0-301F-11D3-BF4B-00C04F79EFBC}") = "Bokrondellen.Initialization", "Bokrondellen.Initialization\Bokrondellen.Initialization.csproj", "{CC8935DC-FAD6-462D-89BE-F01C6ED1EC1E}"
EndProject
Global
	GlobalSection(SolutionConfigurationPlatforms) = preSolution
		Debug|Any CPU = Debug|Any CPU
		Release|Any CPU = Release|Any CPU
	EndGlobalSection
	GlobalSection(ProjectConfigurationPlatforms) = postSolution
		{15CADE44-3B56-4E92-B08E-BB90CB88AB61}.Debug|Any CPU.ActiveCfg = Debug|Any CPU
		{15CADE44-3B56-4E92-B08E-BB90CB88AB61}.Debug|Any CPU.Build.0 = Debug|Any CPU
		{15CADE44-3B56-4E92-B08E-BB90CB88AB61}.Release|Any CPU.ActiveCfg = Release|Any CPU
		{15CADE44-3B56-4E92-B08E-BB90CB88AB61}.Release|Any CPU.Build.0 = Release|Any CPU
		{CC8935DC-FAD6-462D-89BE-F01C6ED1EC1E}.Debug|Any CPU.ActiveCfg = Debug|Any CPU
		{CC8935DC-FAD6-462D-89BE-F01C6ED1EC1E}.Debug|Any CPU.Build.0 = Debug|Any CPU
		{CC8935DC-FAD6-462D-89BE-F01C6ED1EC1E}.Release|Any CPU.ActiveCfg = Release|Any CPU
		{CC8935DC-FAD6-462D-89BE-F01C6ED1EC1E}.Release|Any CPU.Build.0 = Release|Any CPU
	EndGlobalSection
	GlobalSection(SolutionProperties) = preSolution
		HideSolutionNode = FALSE
	EndGlobalSection
EndGlobal
